{
  "version": "2",
  "remote": {
    "https://deno.land/std@0.144.0/async/abortable.ts": "87aa7230be8360c24ad437212311c9e8d4328854baec27b4c7abb26e85515c06",
    "https://deno.land/std@0.144.0/async/deadline.ts": "48ac998d7564969f3e6ec6b6f9bf0217ebd00239b1b2292feba61272d5dd58d0",
    "https://deno.land/std@0.144.0/async/debounce.ts": "564273ef242bcfcda19a439132f940db8694173abffc159ea34f07d18fc42620",
    "https://deno.land/std@0.144.0/async/deferred.ts": "bc18e28108252c9f67dfca2bbc4587c3cbf3aeb6e155f8c864ca8ecff992b98a",
    "https://deno.land/std@0.144.0/async/delay.ts": "cbbdf1c87d1aed8edc7bae13592fb3e27e3106e0748f089c263390d4f49e5f6c",
    "https://deno.land/std@0.144.0/async/mod.ts": "9852cd8ed897ab2d41a8fbee611d574e97898327db5c19d9d58e41126473f02c",
    "https://deno.land/std@0.144.0/async/mux_async_iterator.ts": "5b4aca6781ad0f2e19ccdf1d1a1c092ccd3e00d52050d9c27c772658c8367256",
    "https://deno.land/std@0.144.0/async/pool.ts": "ef9eb97b388543acbf0ac32647121e4dbe629236899586c4d4311a8770fbb239",
    "https://deno.land/std@0.144.0/async/tee.ts": "bcfae0017ebb718cf4eef9e2420e8675d91cb1bcc0ed9b668681af6e6caad846",
    "https://deno.land/std@0.144.0/dotenv/mod.ts": "34c92d65c75ccd27a8d71e5649f1b85bf37cb26cdaab36202df242b8f3666a68",
    "https://deno.land/std@0.144.0/dotenv/util.ts": "6cc392f087577a26a27f0463f77cc0c31a390aa055917099935b36eb2454592d",
    "https://deno.land/std@0.144.0/http/server.ts": "0b0a9f3abfcfecead944b31ee9098a0c11a59b0495bf873ee200eb80e7441483"
  },
  "npm": {
    "specifiers": {
      "concurrently": "concurrently@8.2.1",
      "concurrently@8.2.1": "concurrently@8.2.1"
    },
    "packages": {
      "@babel/runtime@7.22.11": {
        "integrity": "sha512-ee7jVNlWN09+KftVOu9n7S8gQzD/Z6hN/I8VBRXW4P1+Xe7kJGXMwu8vds4aGIMHZnNbdpSWCfZZtinytpcAvA==",
        "dependencies": {
          "regenerator-runtime": "regenerator-runtime@0.14.0"
        }
      },
      "ansi-regex@5.0.1": {
        "integrity": "sha512-quJQXlTSUGL2LH9SUXo8VwsY4soanhgo6LNSm84E1LBcE8s3O0wpdiRzyR9z/ZZJMlMWv37qOOb9pdJlMUEKFQ==",
        "dependencies": {}
      },
      "ansi-styles@4.3.0": {
        "integrity": "sha512-zbB9rCJAT1rbjiVDb2hqKFHNYLxgtk8NURxZ3IZwD3F6NtxbXZQCnnSi1Lkx+IDohdPlFp222wVALIheZJQSEg==",
        "dependencies": {
          "color-convert": "color-convert@2.0.1"
        }
      },
      "chalk@4.1.2": {
        "integrity": "sha512-oKnbhFyRIXpUuez8iBMmyEa4nbj4IOQyuhc/wy9kY7/WVPcwIO9VA668Pu8RkO7+0G76SLROeyw9CpQ061i4mA==",
        "dependencies": {
          "ansi-styles": "ansi-styles@4.3.0",
          "supports-color": "supports-color@7.2.0"
        }
      },
      "cliui@8.0.1": {
        "integrity": "sha512-BSeNnyus75C4//NQ9gQt1/csTXyo/8Sb+afLAkzAptFuMsod9HFokGNudZpi/oQV73hnVK+sR+5PVRMd+Dr7YQ==",
        "dependencies": {
          "string-width": "string-width@4.2.3",
          "strip-ansi": "strip-ansi@6.0.1",
          "wrap-ansi": "wrap-ansi@7.0.0"
        }
      },
      "color-convert@2.0.1": {
        "integrity": "sha512-RRECPsj7iu/xb5oKYcsFHSppFNnsj/52OVTRKb4zP5onXwVF3zVmmToNcOfGC+CRDpfK/U584fMg38ZHCaElKQ==",
        "dependencies": {
          "color-name": "color-name@1.1.4"
        }
      },
      "color-name@1.1.4": {
        "integrity": "sha512-dOy+3AuW3a2wNbZHIuMZpTcgjGuLU/uBL/ubcZF9OXbDo8ff4O8yVp5Bf0efS8uEoYo5q4Fx7dY9OgQGXgAsQA==",
        "dependencies": {}
      },
      "concurrently@8.2.1": {
        "integrity": "sha512-nVraf3aXOpIcNud5pB9M82p1tynmZkrSGQ1p6X/VY8cJ+2LMVqAgXsJxYYefACSHbTYlm92O1xuhdGTjwoEvbQ==",
        "dependencies": {
          "chalk": "chalk@4.1.2",
          "date-fns": "date-fns@2.30.0",
          "lodash": "lodash@4.17.21",
          "rxjs": "rxjs@7.8.1",
          "shell-quote": "shell-quote@1.8.1",
          "spawn-command": "spawn-command@0.0.2",
          "supports-color": "supports-color@8.1.1",
          "tree-kill": "tree-kill@1.2.2",
          "yargs": "yargs@17.7.2"
        }
      },
      "date-fns@2.30.0": {
        "integrity": "sha512-fnULvOpxnC5/Vg3NCiWelDsLiUc9bRwAPs/+LfTLNvetFCtCTN+yQz15C/fs4AwX1R9K5GLtLfn8QW+dWisaAw==",
        "dependencies": {
          "@babel/runtime": "@babel/runtime@7.22.11"
        }
      },
      "emoji-regex@8.0.0": {
        "integrity": "sha512-MSjYzcWNOA0ewAHpz0MxpYFvwg6yjy1NG3xteoqz644VCo/RPgnr1/GGt+ic3iJTzQ8Eu3TdM14SawnVUmGE6A==",
        "dependencies": {}
      },
      "escalade@3.1.1": {
        "integrity": "sha512-k0er2gUkLf8O0zKJiAhmkTnJlTvINGv7ygDNPbeIsX/TJjGJZHuh9B2UxbsaEkmlEo9MfhrSzmhIlhRlI2GXnw==",
        "dependencies": {}
      },
      "get-caller-file@2.0.5": {
        "integrity": "sha512-DyFP3BM/3YHTQOCUL/w0OZHR0lpKeGrxotcHWcqNEdnltqFwXVfhEBQ94eIo34AfQpo0rGki4cyIiftY06h2Fg==",
        "dependencies": {}
      },
      "has-flag@4.0.0": {
        "integrity": "sha512-EykJT/Q1KjTWctppgIAgfSO0tKVuZUjhgMr17kqTumMl6Afv3EISleU7qZUzoXDFTAHTDC4NOoG/ZxU3EvlMPQ==",
        "dependencies": {}
      },
      "is-fullwidth-code-point@3.0.0": {
        "integrity": "sha512-zymm5+u+sCsSWyD9qNaejV3DFvhCKclKdizYaJUuHA83RLjb7nSuGnddCHGv0hk+KY7BMAlsWeK4Ueg6EV6XQg==",
        "dependencies": {}
      },
      "lodash@4.17.21": {
        "integrity": "sha512-v2kDEe57lecTulaDIuNTPy3Ry4gLGJ6Z1O3vE1krgXZNrsQ+LFTGHVxVjcXPs17LhbZVGedAJv8XZ1tvj5FvSg==",
        "dependencies": {}
      },
      "regenerator-runtime@0.14.0": {
        "integrity": "sha512-srw17NI0TUWHuGa5CFGGmhfNIeja30WMBfbslPNhf6JrqQlLN5gcrvig1oqPxiVaXb0oW0XRKtH6Nngs5lKCIA==",
        "dependencies": {}
      },
      "require-directory@2.1.1": {
        "integrity": "sha512-fGxEI7+wsG9xrvdjsrlmL22OMTTiHRwAMroiEeMgq8gzoLC/PQr7RsRDSTLUg/bZAZtF+TVIkHc6/4RIKrui+Q==",
        "dependencies": {}
      },
      "rxjs@7.8.1": {
        "integrity": "sha512-AA3TVj+0A2iuIoQkWEK/tqFjBq2j+6PO6Y0zJcvzLAFhEFIO3HL0vls9hWLncZbAAbK0mar7oZ4V079I/qPMxg==",
        "dependencies": {
          "tslib": "tslib@2.6.2"
        }
      },
      "shell-quote@1.8.1": {
        "integrity": "sha512-6j1W9l1iAs/4xYBI1SYOVZyFcCis9b4KCLQ8fgAGG07QvzaRLVVRQvAy85yNmmZSjYjg4MWh4gNvlPujU/5LpA==",
        "dependencies": {}
      },
      "spawn-command@0.0.2": {
        "integrity": "sha512-zC8zGoGkmc8J9ndvml8Xksr1Amk9qBujgbF0JAIWO7kXr43w0h/0GJNM/Vustixu+YE8N/MTrQ7N31FvHUACxQ==",
        "dependencies": {}
      },
      "string-width@4.2.3": {
        "integrity": "sha512-wKyQRQpjJ0sIp62ErSZdGsjMJWsap5oRNihHhu6G7JVO/9jIB6UyevL+tXuOqrng8j/cxKTWyWUwvSTriiZz/g==",
        "dependencies": {
          "emoji-regex": "emoji-regex@8.0.0",
          "is-fullwidth-code-point": "is-fullwidth-code-point@3.0.0",
          "strip-ansi": "strip-ansi@6.0.1"
        }
      },
      "strip-ansi@6.0.1": {
        "integrity": "sha512-Y38VPSHcqkFrCpFnQ9vuSXmquuv5oXOKpGeT6aGrr3o3Gc9AlVa6JBfUSOCnbxGGZF+/0ooI7KrPuUSztUdU5A==",
        "dependencies": {
          "ansi-regex": "ansi-regex@5.0.1"
        }
      },
      "supports-color@7.2.0": {
        "integrity": "sha512-qpCAvRl9stuOHveKsn7HncJRvv501qIacKzQlO/+Lwxc9+0q2wLyv4Dfvt80/DPn2pqOBsJdDiogXGR9+OvwRw==",
        "dependencies": {
          "has-flag": "has-flag@4.0.0"
        }
      },
      "supports-color@8.1.1": {
        "integrity": "sha512-MpUEN2OodtUzxvKQl72cUF7RQ5EiHsGvSsVG0ia9c5RbWGL2CI4C7EpPS8UTBIplnlzZiNuV56w+FuNxy3ty2Q==",
        "dependencies": {
          "has-flag": "has-flag@4.0.0"
        }
      },
      "tree-kill@1.2.2": {
        "integrity": "sha512-L0Orpi8qGpRG//Nd+H90vFB+3iHnue1zSSGmNOOCh1GLJ7rUKVwV2HvijphGQS2UmhUZewS9VgvxYIdgr+fG1A==",
        "dependencies": {}
      },
      "tslib@2.6.2": {
        "integrity": "sha512-AEYxH93jGFPn/a2iVAwW87VuUIkR1FVUKB77NwMF7nBTDkDrrT/Hpt/IrCJ0QXhW27jTBDcf5ZY7w6RiqTMw2Q==",
        "dependencies": {}
      },
      "wrap-ansi@7.0.0": {
        "integrity": "sha512-YVGIj2kamLSTxw6NsZjoBxfSwsn0ycdesmc4p+Q21c5zPuZ1pl+NfxVdxPtdHvmNVOQ6XSYG4AUtyt/Fi7D16Q==",
        "dependencies": {
          "ansi-styles": "ansi-styles@4.3.0",
          "string-width": "string-width@4.2.3",
          "strip-ansi": "strip-ansi@6.0.1"
        }
      },
      "y18n@5.0.8": {
        "integrity": "sha512-0pfFzegeDWJHJIAmTLRP2DwHjdF5s7jo9tuztdQxAhINCdvS+3nGINqPd00AphqJR/0LhANUS6/+7SCb98YOfA==",
        "dependencies": {}
      },
      "yargs-parser@21.1.1": {
        "integrity": "sha512-tVpsJW7DdjecAiFpbIB1e3qxIQsE6NoPc5/eTdrbbIC4h0LVsWhnoa3g+m2HclBIujHzsxZ4VJVA+GUuc2/LBw==",
        "dependencies": {}
      },
      "yargs@17.7.2": {
        "integrity": "sha512-7dSzzRQ++CKnNI/krKnYRV7JKKPUXMEh61soaHKg9mrWEhzFWhFnxPxGl+69cD1Ou63C13NUPCnmIcrvqCuM6w==",
        "dependencies": {
          "cliui": "cliui@8.0.1",
          "escalade": "escalade@3.1.1",
          "get-caller-file": "get-caller-file@2.0.5",
          "require-directory": "require-directory@2.1.1",
          "string-width": "string-width@4.2.3",
          "y18n": "y18n@5.0.8",
          "yargs-parser": "yargs-parser@21.1.1"
        }
      }
    }
  }
}
